
Microsoft Visual Studio Solution File, Format Version 12.00
# Visual Studio Version 17
VisualStudioVersion = 17.8.34330.188
MinimumVisualStudioVersion = 10.0.40219.1
Project("{8BC9CEB8-8B4A-11D0-8D11-00A0C91BC942}") = "0001.HelloWorld", "0001.HelloWorld\0001.HelloWorld.vcxproj", "{673EF142-C266-442B-85FB-FF5769741E29}"
EndProject
Project("{8BC9CEB8-8B4A-11D0-8D11-00A0C91BC942}") = "0002Print", "0002Print\0002Print.vcxproj", "{B3C38A43-A823-40E9-99A6-7B79A04E423F}"
EndProject
Project("{8BC9CEB8-8B4A-11D0-8D11-00A0C91BC942}") = "0003multiplication", "0004multiplication\0004multiplication.vcxproj", "{CCE14F27-8C07-40F4-AEA8-DE23AFE60C3D}"
EndProject
Project("{8BC9CEB8-8B4A-11D0-8D11-00A0C91BC942}") = "0004putsOperation", "0004putsOperation\0004putsOperation.vcxproj", "{45B1D92A-AEFB-4FC8-A6DB-01163011E7C7}"
EndProject
Project("{8BC9CEB8-8B4A-11D0-8D11-00A0C91BC942}") = "0005commentBlock", "0005commentBlock\0005commentBlock.vcxproj", "{553024E1-5DD1-4FEC-B415-CCDB44BF3D02}"
EndProject
Project("{8BC9CEB8-8B4A-11D0-8D11-00A0C91BC942}") = "0006newLine", "0006newLine\0006newLine.vcxproj", "{3530A56D-6078-4085-B512-8F004809F72F}"
EndProject
Project("{8BC9CEB8-8B4A-11D0-8D11-00A0C91BC942}") = "0007ALotsPrint", "0007ALotsPrint\0007ALotsPrint.vcxproj", "{BDE69D33-E78B-41CD-B7F3-3C08BBC1D21B}"
EndProject
Project("{8BC9CEB8-8B4A-11D0-8D11-00A0C91BC942}") = "0008ALotsPuts", "0008ALotsPuts\0008ALotsPuts.vcxproj", "{ADE87B30-37DD-42F5-B8FA-3CEAD7ACD8C3}"
EndProject
Project("{8BC9CEB8-8B4A-11D0-8D11-00A0C91BC942}") = "0009EscapeCharPrint", "0009Escapechar\0009Escapechar.vcxproj", "{44542099-C670-4836-8ED0-24C922A37EDA}"
EndProject
Project("{8BC9CEB8-8B4A-11D0-8D11-00A0C91BC942}") = "0010EscapeCharPuts", "0010EscapeCharPuts\0010EscapeCharPuts.vcxproj", "{34201D6E-DDCC-4A5A-9C2B-38FEEFB3BFD5}"
EndProject
Project("{8BC9CEB8-8B4A-11D0-8D11-00A0C91BC942}") = "0011PlaceHolders", "PlaceHolders\PlaceHolders.vcxproj", "{9487C1FB-AFAA-4A47-A587-D95D8A40214E}"
EndProject
Project("{8BC9CEB8-8B4A-11D0-8D11-00A0C91BC942}") = "0012ASCII", "0012ASCII\0012ASCII.vcxproj", "{DB719322-6DD0-4E73-84BD-551DCC34489D}"
EndProject
Project("{8BC9CEB8-8B4A-11D0-8D11-00A0C91BC942}") = "0013PlaceHolders2", "0013PlaceHolders2\0013PlaceHolders2.vcxproj", "{953AD2B5-0CAF-4735-A2BE-2CE952E8DEF4}"
EndProject
Project("{8BC9CEB8-8B4A-11D0-8D11-00A0C91BC942}") = "0017if else", "ifElse\ifElse.vcxproj", "{27C201FD-D40A-4965-AE09-D669190BD2B3}"
EndProject
Project("{8BC9CEB8-8B4A-11D0-8D11-00A0C91BC942}") = "0014input", "0014input\0014input.vcxproj", "{4C986DEC-4117-4F37-A4CC-109B41F071F6}"
EndProject
Project("{8BC9CEB8-8B4A-11D0-8D11-00A0C91BC942}") = "0015output", "0015output\0015output.vcxproj", "{67C0DE3C-6386-45BD-A4DF-4738A909C4D5}"
EndProject
Project("{8BC9CEB8-8B4A-11D0-8D11-00A0C91BC942}") = "0019switch_case exercise", "switch_case exercise\switch_case exercise.vcxproj", "{09E007C8-9ACF-4BBC-B1B4-E0CB26199738}"
EndProject
Project("{8BC9CEB8-8B4A-11D0-8D11-00A0C91BC942}") = "0016fgets", "0016fgets\0016fgets.vcxproj", "{A1FEF7DF-A57F-4F37-AC38-EEE76B270340}"
EndProject
Project("{8BC9CEB8-8B4A-11D0-8D11-00A0C91BC942}") = "0018yesornot", "0018yesornot\0018yesornot.vcxproj", "{1E655FEF-6DBF-4C88-955C-8C762FE0F85D}"
EndProject
Project("{8BC9CEB8-8B4A-11D0-8D11-00A0C91BC942}") = "0020ternary structure", "0020ternary structure\0020ternary structure.vcxproj", "{FB92A175-9F69-4E40-A8CC-760D7CDDCF62}"
EndProject
Project("{8BC9CEB8-8B4A-11D0-8D11-00A0C91BC942}") = "BitWise", "BitWise\BitWise.vcxproj", "{DD934386-2D0D-4865-B244-6B83CE83908F}"
EndProject
Project("{8BC9CEB8-8B4A-11D0-8D11-00A0C91BC942}") = "0021ForLoop", "0021ForLoop\0021ForLoop.vcxproj", "{73C3A6CC-E686-4277-8B6A-00073FE45663}"
EndProject
Global
	GlobalSection(SolutionConfigurationPlatforms) = preSolution
		Debug|x64 = Debug|x64
		Debug|x86 = Debug|x86
		Release|x64 = Release|x64
		Release|x86 = Release|x86
	EndGlobalSection
	GlobalSection(ProjectConfigurationPlatforms) = postSolution
		{673EF142-C266-442B-85FB-FF5769741E29}.Debug|x64.ActiveCfg = Debug|x64
		{673EF142-C266-442B-85FB-FF5769741E29}.Debug|x64.Build.0 = Debug|x64
		{673EF142-C266-442B-85FB-FF5769741E29}.Debug|x86.ActiveCfg = Debug|Win32
		{673EF142-C266-442B-85FB-FF5769741E29}.Debug|x86.Build.0 = Debug|Win32
		{673EF142-C266-442B-85FB-FF5769741E29}.Release|x64.ActiveCfg = Release|x64
		{673EF142-C266-442B-85FB-FF5769741E29}.Release|x64.Build.0 = Release|x64
		{673EF142-C266-442B-85FB-FF5769741E29}.Release|x86.ActiveCfg = Release|Win32
		{673EF142-C266-442B-85FB-FF5769741E29}.Release|x86.Build.0 = Release|Win32
		{B3C38A43-A823-40E9-99A6-7B79A04E423F}.Debug|x64.ActiveCfg = Debug|x64
		{B3C38A43-A823-40E9-99A6-7B79A04E423F}.Debug|x64.Build.0 = Debug|x64
		{B3C38A43-A823-40E9-99A6-7B79A04E423F}.Debug|x86.ActiveCfg = Debug|Win32
		{B3C38A43-A823-40E9-99A6-7B79A04E423F}.Debug|x86.Build.0 = Debug|Win32
		{B3C38A43-A823-40E9-99A6-7B79A04E423F}.Release|x64.ActiveCfg = Release|x64
		{B3C38A43-A823-40E9-99A6-7B79A04E423F}.Release|x64.Build.0 = Release|x64
		{B3C38A43-A823-40E9-99A6-7B79A04E423F}.Release|x86.ActiveCfg = Release|Win32
		{B3C38A43-A823-40E9-99A6-7B79A04E423F}.Release|x86.Build.0 = Release|Win32
		{CCE14F27-8C07-40F4-AEA8-DE23AFE60C3D}.Debug|x64.ActiveCfg = Debug|x64
		{CCE14F27-8C07-40F4-AEA8-DE23AFE60C3D}.Debug|x64.Build.0 = Debug|x64
		{CCE14F27-8C07-40F4-AEA8-DE23AFE60C3D}.Debug|x86.ActiveCfg = Debug|Win32
		{CCE14F27-8C07-40F4-AEA8-DE23AFE60C3D}.Debug|x86.Build.0 = Debug|Win32
		{CCE14F27-8C07-40F4-AEA8-DE23AFE60C3D}.Release|x64.ActiveCfg = Release|x64
		{CCE14F27-8C07-40F4-AEA8-DE23AFE60C3D}.Release|x64.Build.0 = Release|x64
		{CCE14F27-8C07-40F4-AEA8-DE23AFE60C3D}.Release|x86.ActiveCfg = Release|Win32
		{CCE14F27-8C07-40F4-AEA8-DE23AFE60C3D}.Release|x86.Build.0 = Release|Win32
		{45B1D92A-AEFB-4FC8-A6DB-01163011E7C7}.Debug|x64.ActiveCfg = Debug|x64
		{45B1D92A-AEFB-4FC8-A6DB-01163011E7C7}.Debug|x64.Build.0 = Debug|x64
		{45B1D92A-AEFB-4FC8-A6DB-01163011E7C7}.Debug|x86.ActiveCfg = Debug|Win32
		{45B1D92A-AEFB-4FC8-A6DB-01163011E7C7}.Debug|x86.Build.0 = Debug|Win32
		{45B1D92A-AEFB-4FC8-A6DB-01163011E7C7}.Release|x64.ActiveCfg = Release|x64
		{45B1D92A-AEFB-4FC8-A6DB-01163011E7C7}.Release|x64.Build.0 = Release|x64
		{45B1D92A-AEFB-4FC8-A6DB-01163011E7C7}.Release|x86.ActiveCfg = Release|Win32
		{45B1D92A-AEFB-4FC8-A6DB-01163011E7C7}.Release|x86.Build.0 = Release|Win32
		{553024E1-5DD1-4FEC-B415-CCDB44BF3D02}.Debug|x64.ActiveCfg = Debug|x64
		{553024E1-5DD1-4FEC-B415-CCDB44BF3D02}.Debug|x64.Build.0 = Debug|x64
		{553024E1-5DD1-4FEC-B415-CCDB44BF3D02}.Debug|x86.ActiveCfg = Debug|Win32
		{553024E1-5DD1-4FEC-B415-CCDB44BF3D02}.Debug|x86.Build.0 = Debug|Win32
		{553024E1-5DD1-4FEC-B415-CCDB44BF3D02}.Release|x64.ActiveCfg = Release|x64
		{553024E1-5DD1-4FEC-B415-CCDB44BF3D02}.Release|x64.Build.0 = Release|x64
		{553024E1-5DD1-4FEC-B415-CCDB44BF3D02}.Release|x86.ActiveCfg = Release|Win32
		{553024E1-5DD1-4FEC-B415-CCDB44BF3D02}.Release|x86.Build.0 = Release|Win32
		{3530A56D-6078-4085-B512-8F004809F72F}.Debug|x64.ActiveCfg = Debug|x64
		{3530A56D-6078-4085-B512-8F004809F72F}.Debug|x64.Build.0 = Debug|x64
		{3530A56D-6078-4085-B512-8F004809F72F}.Debug|x86.ActiveCfg = Debug|Win32
		{3530A56D-6078-4085-B512-8F004809F72F}.Debug|x86.Build.0 = Debug|Win32
		{3530A56D-6078-4085-B512-8F004809F72F}.Release|x64.ActiveCfg = Release|x64
		{3530A56D-6078-4085-B512-8F004809F72F}.Release|x64.Build.0 = Release|x64
		{3530A56D-6078-4085-B512-8F004809F72F}.Release|x86.ActiveCfg = Release|Win32
		{3530A56D-6078-4085-B512-8F004809F72F}.Release|x86.Build.0 = Release|Win32
		{BDE69D33-E78B-41CD-B7F3-3C08BBC1D21B}.Debug|x64.ActiveCfg = Debug|x64
		{BDE69D33-E78B-41CD-B7F3-3C08BBC1D21B}.Debug|x64.Build.0 = Debug|x64
		{BDE69D33-E78B-41CD-B7F3-3C08BBC1D21B}.Debug|x86.ActiveCfg = Debug|Win32
		{BDE69D33-E78B-41CD-B7F3-3C08BBC1D21B}.Debug|x86.Build.0 = Debug|Win32
		{BDE69D33-E78B-41CD-B7F3-3C08BBC1D21B}.Release|x64.ActiveCfg = Release|x64
		{BDE69D33-E78B-41CD-B7F3-3C08BBC1D21B}.Release|x64.Build.0 = Release|x64
		{BDE69D33-E78B-41CD-B7F3-3C08BBC1D21B}.Release|x86.ActiveCfg = Release|Win32
		{BDE69D33-E78B-41CD-B7F3-3C08BBC1D21B}.Release|x86.Build.0 = Release|Win32
		{ADE87B30-37DD-42F5-B8FA-3CEAD7ACD8C3}.Debug|x64.ActiveCfg = Debug|x64
		{ADE87B30-37DD-42F5-B8FA-3CEAD7ACD8C3}.Debug|x64.Build.0 = Debug|x64
		{ADE87B30-37DD-42F5-B8FA-3CEAD7ACD8C3}.Debug|x86.ActiveCfg = Debug|Win32
		{ADE87B30-37DD-42F5-B8FA-3CEAD7ACD8C3}.Debug|x86.Build.0 = Debug|Win32
		{ADE87B30-37DD-42F5-B8FA-3CEAD7ACD8C3}.Release|x64.ActiveCfg = Release|x64
		{ADE87B30-37DD-42F5-B8FA-3CEAD7ACD8C3}.Release|x64.Build.0 = Release|x64
		{ADE87B30-37DD-42F5-B8FA-3CEAD7ACD8C3}.Release|x86.ActiveCfg = Release|Win32
		{ADE87B30-37DD-42F5-B8FA-3CEAD7ACD8C3}.Release|x86.Build.0 = Release|Win32
		{44542099-C670-4836-8ED0-24C922A37EDA}.Debug|x64.ActiveCfg = Debug|x64
		{44542099-C670-4836-8ED0-24C922A37EDA}.Debug|x64.Build.0 = Debug|x64
		{44542099-C670-4836-8ED0-24C922A37EDA}.Debug|x86.ActiveCfg = Debug|Win32
		{44542099-C670-4836-8ED0-24C922A37EDA}.Debug|x86.Build.0 = Debug|Win32
		{44542099-C670-4836-8ED0-24C922A37EDA}.Release|x64.ActiveCfg = Release|x64
		{44542099-C670-4836-8ED0-24C922A37EDA}.Release|x64.Build.0 = Release|x64
		{44542099-C670-4836-8ED0-24C922A37EDA}.Release|x86.ActiveCfg = Release|Win32
		{44542099-C670-4836-8ED0-24C922A37EDA}.Release|x86.Build.0 = Release|Win32
		{34201D6E-DDCC-4A5A-9C2B-38FEEFB3BFD5}.Debug|x64.ActiveCfg = Debug|x64
		{34201D6E-DDCC-4A5A-9C2B-38FEEFB3BFD5}.Debug|x64.Build.0 = Debug|x64
		{34201D6E-DDCC-4A5A-9C2B-38FEEFB3BFD5}.Debug|x86.ActiveCfg = Debug|Win32
		{34201D6E-DDCC-4A5A-9C2B-38FEEFB3BFD5}.Debug|x86.Build.0 = Debug|Win32
		{34201D6E-DDCC-4A5A-9C2B-38FEEFB3BFD5}.Release|x64.ActiveCfg = Release|x64
		{34201D6E-DDCC-4A5A-9C2B-38FEEFB3BFD5}.Release|x64.Build.0 = Release|x64
		{34201D6E-DDCC-4A5A-9C2B-38FEEFB3BFD5}.Release|x86.ActiveCfg = Release|Win32
		{34201D6E-DDCC-4A5A-9C2B-38FEEFB3BFD5}.Release|x86.Build.0 = Release|Win32
		{9487C1FB-AFAA-4A47-A587-D95D8A40214E}.Debug|x64.ActiveCfg = Debug|x64
		{9487C1FB-AFAA-4A47-A587-D95D8A40214E}.Debug|x64.Build.0 = Debug|x64
		{9487C1FB-AFAA-4A47-A587-D95D8A40214E}.Debug|x86.ActiveCfg = Debug|Win32
		{9487C1FB-AFAA-4A47-A587-D95D8A40214E}.Debug|x86.Build.0 = Debug|Win32
		{9487C1FB-AFAA-4A47-A587-D95D8A40214E}.Release|x64.ActiveCfg = Release|x64
		{9487C1FB-AFAA-4A47-A587-D95D8A40214E}.Release|x64.Build.0 = Release|x64
		{9487C1FB-AFAA-4A47-A587-D95D8A40214E}.Release|x86.ActiveCfg = Release|Win32
		{9487C1FB-AFAA-4A47-A587-D95D8A40214E}.Release|x86.Build.0 = Release|Win32
		{DB719322-6DD0-4E73-84BD-551DCC34489D}.Debug|x64.ActiveCfg = Debug|x64
		{DB719322-6DD0-4E73-84BD-551DCC34489D}.Debug|x64.Build.0 = Debug|x64
		{DB719322-6DD0-4E73-84BD-551DCC34489D}.Debug|x86.ActiveCfg = Debug|Win32
		{DB719322-6DD0-4E73-84BD-551DCC34489D}.Debug|x86.Build.0 = Debug|Win32
		{DB719322-6DD0-4E73-84BD-551DCC34489D}.Release|x64.ActiveCfg = Release|x64
		{DB719322-6DD0-4E73-84BD-551DCC34489D}.Release|x64.Build.0 = Release|x64
		{DB719322-6DD0-4E73-84BD-551DCC34489D}.Release|x86.ActiveCfg = Release|Win32
		{DB719322-6DD0-4E73-84BD-551DCC34489D}.Release|x86.Build.0 = Release|Win32
		{953AD2B5-0CAF-4735-A2BE-2CE952E8DEF4}.Debug|x64.ActiveCfg = Debug|x64
		{953AD2B5-0CAF-4735-A2BE-2CE952E8DEF4}.Debug|x64.Build.0 = Debug|x64
		{953AD2B5-0CAF-4735-A2BE-2CE952E8DEF4}.Debug|x86.ActiveCfg = Debug|Win32
		{953AD2B5-0CAF-4735-A2BE-2CE952E8DEF4}.Debug|x86.Build.0 = Debug|Win32
		{953AD2B5-0CAF-4735-A2BE-2CE952E8DEF4}.Release|x64.ActiveCfg = Release|x64
		{953AD2B5-0CAF-4735-A2BE-2CE952E8DEF4}.Release|x64.Build.0 = Release|x64
		{953AD2B5-0CAF-4735-A2BE-2CE952E8DEF4}.Release|x86.ActiveCfg = Release|Win32
		{953AD2B5-0CAF-4735-A2BE-2CE952E8DEF4}.Release|x86.Build.0 = Release|Win32
		{27C201FD-D40A-4965-AE09-D669190BD2B3}.Debug|x64.ActiveCfg = Debug|x64
		{27C201FD-D40A-4965-AE09-D669190BD2B3}.Debug|x64.Build.0 = Debug|x64
		{27C201FD-D40A-4965-AE09-D669190BD2B3}.Debug|x86.ActiveCfg = Debug|Win32
		{27C201FD-D40A-4965-AE09-D669190BD2B3}.Debug|x86.Build.0 = Debug|Win32
		{27C201FD-D40A-4965-AE09-D669190BD2B3}.Release|x64.ActiveCfg = Release|x64
		{27C201FD-D40A-4965-AE09-D669190BD2B3}.Release|x64.Build.0 = Release|x64
		{27C201FD-D40A-4965-AE09-D669190BD2B3}.Release|x86.ActiveCfg = Release|Win32
		{27C201FD-D40A-4965-AE09-D669190BD2B3}.Release|x86.Build.0 = Release|Win32
		{4C986DEC-4117-4F37-A4CC-109B41F071F6}.Debug|x64.ActiveCfg = Debug|x64
		{4C986DEC-4117-4F37-A4CC-109B41F071F6}.Debug|x64.Build.0 = Debug|x64
		{4C986DEC-4117-4F37-A4CC-109B41F071F6}.Debug|x86.ActiveCfg = Debug|Win32
		{4C986DEC-4117-4F37-A4CC-109B41F071F6}.Debug|x86.Build.0 = Debug|Win32
		{4C986DEC-4117-4F37-A4CC-109B41F071F6}.Release|x64.ActiveCfg = Release|x64
		{4C986DEC-4117-4F37-A4CC-109B41F071F6}.Release|x64.Build.0 = Release|x64
		{4C986DEC-4117-4F37-A4CC-109B41F071F6}.Release|x86.ActiveCfg = Release|Win32
		{4C986DEC-4117-4F37-A4CC-109B41F071F6}.Release|x86.Build.0 = Release|Win32
		{67C0DE3C-6386-45BD-A4DF-4738A909C4D5}.Debug|x64.ActiveCfg = Debug|x64
		{67C0DE3C-6386-45BD-A4DF-4738A909C4D5}.Debug|x64.Build.0 = Debug|x64
		{67C0DE3C-6386-45BD-A4DF-4738A909C4D5}.Debug|x86.ActiveCfg = Debug|Win32
		{67C0DE3C-6386-45BD-A4DF-4738A909C4D5}.Debug|x86.Build.0 = Debug|Win32
		{67C0DE3C-6386-45BD-A4DF-4738A909C4D5}.Release|x64.ActiveCfg = Release|x64
		{67C0DE3C-6386-45BD-A4DF-4738A909C4D5}.Release|x64.Build.0 = Release|x64
		{67C0DE3C-6386-45BD-A4DF-4738A909C4D5}.Release|x86.ActiveCfg = Release|Win32
		{67C0DE3C-6386-45BD-A4DF-4738A909C4D5}.Release|x86.Build.0 = Release|Win32
		{09E007C8-9ACF-4BBC-B1B4-E0CB26199738}.Debug|x64.ActiveCfg = Debug|x64
		{09E007C8-9ACF-4BBC-B1B4-E0CB26199738}.Debug|x64.Build.0 = Debug|x64
		{09E007C8-9ACF-4BBC-B1B4-E0CB26199738}.Debug|x86.ActiveCfg = Debug|Win32
		{09E007C8-9ACF-4BBC-B1B4-E0CB26199738}.Debug|x86.Build.0 = Debug|Win32
		{09E007C8-9ACF-4BBC-B1B4-E0CB26199738}.Release|x64.ActiveCfg = Release|x64
		{09E007C8-9ACF-4BBC-B1B4-E0CB26199738}.Release|x64.Build.0 = Release|x64
		{09E007C8-9ACF-4BBC-B1B4-E0CB26199738}.Release|x86.ActiveCfg = Release|Win32
		{09E007C8-9ACF-4BBC-B1B4-E0CB26199738}.Release|x86.Build.0 = Release|Win32
		{A1FEF7DF-A57F-4F37-AC38-EEE76B270340}.Debug|x64.ActiveCfg = Debug|x64
		{A1FEF7DF-A57F-4F37-AC38-EEE76B270340}.Debug|x64.Build.0 = Debug|x64
		{A1FEF7DF-A57F-4F37-AC38-EEE76B270340}.Debug|x86.ActiveCfg = Debug|Win32
		{A1FEF7DF-A57F-4F37-AC38-EEE76B270340}.Debug|x86.Build.0 = Debug|Win32
		{A1FEF7DF-A57F-4F37-AC38-EEE76B270340}.Release|x64.ActiveCfg = Release|x64
		{A1FEF7DF-A57F-4F37-AC38-EEE76B270340}.Release|x64.Build.0 = Release|x64
		{A1FEF7DF-A57F-4F37-AC38-EEE76B270340}.Release|x86.ActiveCfg = Release|Win32
		{A1FEF7DF-A57F-4F37-AC38-EEE76B270340}.Release|x86.Build.0 = Release|Win32
		{1E655FEF-6DBF-4C88-955C-8C762FE0F85D}.Debug|x64.ActiveCfg = Debug|x64
		{1E655FEF-6DBF-4C88-955C-8C762FE0F85D}.Debug|x64.Build.0 = Debug|x64
		{1E655FEF-6DBF-4C88-955C-8C762FE0F85D}.Debug|x86.ActiveCfg = Debug|Win32
		{1E655FEF-6DBF-4C88-955C-8C762FE0F85D}.Debug|x86.Build.0 = Debug|Win32
		{1E655FEF-6DBF-4C88-955C-8C762FE0F85D}.Release|x64.ActiveCfg = Release|x64
		{1E655FEF-6DBF-4C88-955C-8C762FE0F85D}.Release|x64.Build.0 = Release|x64
		{1E655FEF-6DBF-4C88-955C-8C762FE0F85D}.Release|x86.ActiveCfg = Release|Win32
		{1E655FEF-6DBF-4C88-955C-8C762FE0F85D}.Release|x86.Build.0 = Release|Win32
		{FB92A175-9F69-4E40-A8CC-760D7CDDCF62}.Debug|x64.ActiveCfg = Debug|x64
		{FB92A175-9F69-4E40-A8CC-760D7CDDCF62}.Debug|x64.Build.0 = Debug|x64
		{FB92A175-9F69-4E40-A8CC-760D7CDDCF62}.Debug|x86.ActiveCfg = Debug|Win32
		{FB92A175-9F69-4E40-A8CC-760D7CDDCF62}.Debug|x86.Build.0 = Debug|Win32
		{FB92A175-9F69-4E40-A8CC-760D7CDDCF62}.Release|x64.ActiveCfg = Release|x64
		{FB92A175-9F69-4E40-A8CC-760D7CDDCF62}.Release|x64.Build.0 = Release|x64
		{FB92A175-9F69-4E40-A8CC-760D7CDDCF62}.Release|x86.ActiveCfg = Release|Win32
		{FB92A175-9F69-4E40-A8CC-760D7CDDCF62}.Release|x86.Build.0 = Release|Win32
		{DD934386-2D0D-4865-B244-6B83CE83908F}.Debug|x64.ActiveCfg = Debug|x64
		{DD934386-2D0D-4865-B244-6B83CE83908F}.Debug|x64.Build.0 = Debug|x64
		{DD934386-2D0D-4865-B244-6B83CE83908F}.Debug|x86.ActiveCfg = Debug|Win32
		{DD934386-2D0D-4865-B244-6B83CE83908F}.Debug|x86.Build.0 = Debug|Win32
		{DD934386-2D0D-4865-B244-6B83CE83908F}.Release|x64.ActiveCfg = Release|x64
		{DD934386-2D0D-4865-B244-6B83CE83908F}.Release|x64.Build.0 = Release|x64
		{DD934386-2D0D-4865-B244-6B83CE83908F}.Release|x86.ActiveCfg = Release|Win32
		{DD934386-2D0D-4865-B244-6B83CE83908F}.Release|x86.Build.0 = Release|Win32
		{73C3A6CC-E686-4277-8B6A-00073FE45663}.Debug|x64.ActiveCfg = Debug|x64
		{73C3A6CC-E686-4277-8B6A-00073FE45663}.Debug|x64.Build.0 = Debug|x64
		{73C3A6CC-E686-4277-8B6A-00073FE45663}.Debug|x86.ActiveCfg = Debug|Win32
		{73C3A6CC-E686-4277-8B6A-00073FE45663}.Debug|x86.Build.0 = Debug|Win32
		{73C3A6CC-E686-4277-8B6A-00073FE45663}.Release|x64.ActiveCfg = Release|x64
		{73C3A6CC-E686-4277-8B6A-00073FE45663}.Release|x64.Build.0 = Release|x64
		{73C3A6CC-E686-4277-8B6A-00073FE45663}.Release|x86.ActiveCfg = Release|Win32
		{73C3A6CC-E686-4277-8B6A-00073FE45663}.Release|x86.Build.0 = Release|Win32
	EndGlobalSection
	GlobalSection(SolutionProperties) = preSolution
		HideSolutionNode = FALSE
	EndGlobalSection
	GlobalSection(ExtensibilityGlobals) = postSolution
		SolutionGuid = {338139E1-DB15-4A64-AF45-1E83D5FD4CC2}
	EndGlobalSection
EndGlobal
